{
  "object": {
    "pins": [
      {
        "package": "CCommonCrypto",
        "repositoryURL": "https://github.com/mpangburn/CCommonCrypto",
        "state": {
          "branch": null,
          "revision": "88e209b2c0a9e4e9158b6e8dd9d49950060472a1",
          "version": "1.0.0"
        }
      },
      {
        "package": "NightscoutKit",
        "repositoryURL": "https://github.com/mpangburn/NightscoutKit.git",
        "state": {
          "branch": null,
          "revision": "da6157cf096e27b0652f07e2101c01fdc7698efa",
          "version": "0.3.2"
        }
      }
    ]
  },
  "version": 1
}
